# THIS IS AN AUTOGENERATED FILE. DO NOT EDIT THIS FILE DIRECTLY.
# yarn lockfile v1


balanced-match@^1.0.0:
  version "1.0.2"
  resolved "https://registry.npmjs.org/balanced-match/-/balanced-match-1.0.2.tgz"
  integrity sha512-3oSeUO0TMV67hN1AmbXsK4yaqU7tjiHlbxRDZOpH0KW9+CeX4bRAaX0Anxt0tx2MrpRpWwQaPwIlISEJhYU5Pw==

blessed@0.1.81:
  version "0.1.81"
  resolved "https://registry.npmjs.org/blessed/-/blessed-0.1.81.tgz"
  integrity sha512-LoF5gae+hlmfORcG1M5+5XZi4LBmvlXTzwJWzUlPryN/SJdSflZvROM2TwkT0GMpq7oqT48NRd4GS7BiVBc5OQ==

brace-expansion@^1.1.7:
  version "1.1.11"
  resolved "https://registry.npmjs.org/brace-expansion/-/brace-expansion-1.1.11.tgz"
  integrity sha512-iCuPHDFgrHX7H2vEI/5xpz07zSHB00TpugqhmYtVmMO6518mCuRMoOYFldEBl0g187ufozdaHgWKcYFb61qGiA==
  dependencies:
    balanced-match "^1.0.0"
    concat-map "0.0.1"

ci-info@^1.5.0:
  version "1.6.0"
  resolved "https://registry.npmjs.org/ci-info/-/ci-info-1.6.0.tgz"
  integrity sha512-vsGdkwSCDpWmP80ncATX7iea5DWQemg1UgCW5J8tqjU3lYw4FBYuj89J0CTVomA7BEfvSZd84GmHko+MxFQU2A==

commander@2.11.0:
  version "2.11.0"
  resolved "https://registry.npmjs.org/commander/-/commander-2.11.0.tgz"
  integrity sha512-b0553uYA5YAEGgyYIGYROzKQ7X5RAqedkfjiZxwi0kL1g3bOaBNNZfYkzt/CL0umgD5wc9Jec2FbB98CjkMRvQ==

concat-map@0.0.1:
  version "0.0.1"
  resolved "https://registry.npmjs.org/concat-map/-/concat-map-0.0.1.tgz"
  integrity sha512-/Srv4dswyQNBfohGpz9o6Yb3Gz3SrUDqBH5rTuhGR7ahtlbYKnVxw2bCFMRljaA7EXHaXZ8wsHdodFvbkhKmqg==

drawille@1.1.0:
  version "1.1.0"
  resolved "https://registry.npmjs.org/drawille/-/drawille-1.1.0.tgz"
  integrity sha512-UGH5M0jtDmiseku0bm6HxGRcswVuiaF9wRgYvgVm9BonCnVTe4Ue1HuJnm/ZpXR48BpAgxoUH7JIaFkIJ1VCsw==

fs.realpath@^1.0.0:
  version "1.0.0"
  resolved "https://registry.npmjs.org/fs.realpath/-/fs.realpath-1.0.0.tgz"
  integrity sha512-OO0pH2lK6a0hZnAdau5ItzHPI6pUlvI7jMVnxUQRtw4owF2wk8lOSabtGDCTP4Ggrg2MbGnWO9X8K1t4+fGMDw==

glob@7.1.2:
  version "7.1.2"
  resolved "https://registry.npmjs.org/glob/-/glob-7.1.2.tgz"
  integrity sha512-MJTUg1kjuLeQCJ+ccE4Vpa6kKVXkPYJ2mOCQyUuKLcLQsdrMCpBPUi8qVE6+YuaJkozeA9NusTAw3hLr8Xe5EQ==
  dependencies:
    fs.realpath "^1.0.0"
    inflight "^1.0.4"
    inherits "2"
    minimatch "^3.0.4"
    once "^1.3.0"
    path-is-absolute "^1.0.0"

husky@^0.14.3:
  version "0.14.3"
  resolved "https://registry.npmjs.org/husky/-/husky-0.14.3.tgz"
  integrity sha512-e21wivqHpstpoiWA/Yi8eFti8E+sQDSS53cpJsPptPs295QTOQR0ZwnHo2TXy1XOpZFD9rPOd3NpmqTK6uMLJA==
  dependencies:
    is-ci "^1.0.10"
    normalize-path "^1.0.0"
    strip-indent "^2.0.0"

inflight@^1.0.4:
  version "1.0.6"
  resolved "https://registry.npmjs.org/inflight/-/inflight-1.0.6.tgz"
  integrity sha512-k92I/b08q4wvFscXCLvqfsHCrjrF7yiXsQuIVvVE7N82W3+aqpzuUdBbfhWcy/FZR3/4IgflMgKLOsvPDrGCJA==
  dependencies:
    once "^1.3.0"
    wrappy "1"

inherits@2:
  version "2.0.4"
  resolved "https://registry.npmjs.org/inherits/-/inherits-2.0.4.tgz"
  integrity sha512-k/vGaX4/Yla3WzyMCvTQOXYeIHvqOKtnqBduzTHpzpQZzAskKMhZ2K+EnBiSM9zGSoIFeMpXKxa4dYeZIQqewQ==

inpath@~1.0.2:
  version "1.0.2"
  resolved "https://registry.npmjs.org/inpath/-/inpath-1.0.2.tgz"
  integrity sha512-DTt55ovuYFC62a8oJxRjV2MmTPUdxN43Gd8I2ZgawxbAha6PvJkDQy/RbZGFCJF5IXrpp4PAYtW1w3aV7jXkew==

is-ci@^1.0.10:
  version "1.2.1"
  resolved "https://registry.npmjs.org/is-ci/-/is-ci-1.2.1.tgz"
  integrity sha512-s6tfsaQaQi3JNciBH6shVqEDvhGut0SUXr31ag8Pd8BBbVVlcGfWhpPmEOoM6RJ5TFhbypvf5yyRw/VXW1IiWg==
  dependencies:
    ci-info "^1.5.0"

minimatch@^3.0.4:
  version "3.1.2"
  resolved "https://registry.npmjs.org/minimatch/-/minimatch-3.1.2.tgz"
  integrity sha512-J7p63hRiAjw1NDEww1W7i37+ByIrOWO5XQQAzZ3VOcL0PNybwpfmV/N05zFAzwQ9USyEcX6t3UO+K5aqBQOIHw==
  dependencies:
    brace-expansion "^1.1.7"

mute-stream@~0.0.4:
  version "0.0.8"
  resolved "https://registry.npmjs.org/mute-stream/-/mute-stream-0.0.8.tgz"
  integrity sha512-nnbWWOkoWyUsTjKrhgD0dcz22mdkSnpYqbEjIm2nhwhuxlSkpywJmBo8h0ZqJdkp73mb90SssHkN4rsRaBAfAA==

nanoid@3.3.0:
  version "3.3.0"
  resolved "https://registry.npmjs.org/nanoid/-/nanoid-3.3.0.tgz"
  integrity sha512-JzxqqT5u/x+/KOFSd7JP15DOo9nOoHpx6DYatqIHUW2+flybkm+mdcraotSQR5WcnZr+qhGVh8Ted0KdfSMxlg==

normalize-path@^1.0.0:
  version "1.0.0"
  resolved "https://registry.npmjs.org/normalize-path/-/normalize-path-1.0.0.tgz"
  integrity sha512-7WyT0w8jhpDStXRq5836AMmihQwq2nrUVQrgjvUo/p/NZf9uy/MeJ246lBJVmWuYXMlJuG9BNZHF0hWjfTbQUA==

once@^1.3.0:
  version "1.4.0"
  resolved "https://registry.npmjs.org/once/-/once-1.4.0.tgz"
  integrity sha512-lNaJgI+2Q5URQBkccEKHTQOPaXdUxnZZElQTZY0MFUAuaEqe1E+Nyvgdz/aIyNi6Z9MzO5dv1H8n58/GELp3+w==
  dependencies:
    wrappy "1"

os-utils@0.0.14:
  version "0.0.14"
  resolved "https://registry.npmjs.org/os-utils/-/os-utils-0.0.14.tgz"
  integrity sha512-ajB8csaHLBvJOYsHJkp8YdO2FvlBbf/ZxaYQwXXRDyQ84UoE+uTuLXxqd0shekXMX6Qr/pt/DDyLMRAMsgfWzg==

path-is-absolute@^1.0.0:
  version "1.0.1"
  resolved "https://registry.npmjs.org/path-is-absolute/-/path-is-absolute-1.0.1.tgz"
  integrity sha512-AVbw3UJ2e9bq64vSaS9Am0fje1Pa8pbGqTTsmXfaIiMpnr5DlDhfJOuLj9Sf95ZPVDAUerDfEk88MPmPe7UCQg==

pidof@~1.0.2:
  version "1.0.2"
  resolved "https://registry.npmjs.org/pidof/-/pidof-1.0.2.tgz"
  integrity sha512-LLJhTVEUCZnotdAM5rd7KiTdLGgk6i763/hsd5pO+8yuF7mdgg0ob8w/98KrTAcPsj6YzGrkFLPVtBOr1uW2ag==

read@~1.0.3, read@1.0.7:
  version "1.0.7"
  resolved "https://registry.npmjs.org/read/-/read-1.0.7.tgz"
  integrity sha512-rSOKNYUmaxy0om1BNjMN4ezNT6VKK+2xF4GBhc81mkH7L60i6dp8qPYrkndNLT3QPphoII3maL9PVC9XmhHwVQ==
  dependencies:
    mute-stream "~0.0.4"

strip-indent@^2.0.0:
  version "2.0.0"
  resolved "https://registry.npmjs.org/strip-indent/-/strip-indent-2.0.0.tgz"
  integrity sha512-RsSNPLpq6YUL7QYy44RnPVTn/lcVZtb48Uof3X5JLbF4zD/Gs7ZFDv2HWol+leoQN2mT86LAzSshGfkTlSOpsA==

sudo@1.0.3:
  version "1.0.3"
  resolved "https://registry.npmjs.org/sudo/-/sudo-1.0.3.tgz"
  integrity sha512-3xMsaPg+8Xm+4LQm0b2V+G3lz3YxtDBzlqiU8CXw2AOIIDSvC1kBxIxBjnoCTq8dTTXAy23m58g6mdClUocpmQ==
  dependencies:
    inpath "~1.0.2"
    pidof "~1.0.2"
    read "~1.0.3"

use-strict@^1.0.1:
  version "1.0.1"
  resolved "https://registry.npmjs.org/use-strict/-/use-strict-1.0.1.tgz"
  integrity sha512-IeiWvvEXfW5ltKVMkxq6FvNf2LojMKvB2OCeja6+ct24S1XOmQw2dGr2JyndwACWAGJva9B7yPHwAmeA9QCqAQ==

wrappy@1:
  version "1.0.2"
  resolved "https://registry.npmjs.org/wrappy/-/wrappy-1.0.2.tgz"
  integrity sha512-l4Sp/DRseor9wL6EvV2+TuQn63dMkPjZ/sp9XkghTEbV9KlPS1xUsZ3u7/IQO4wxtcFB4bgpQPRcR3QCvezPcQ==
